github.com/deific/goee v0.1.0 h1:hrzNqufm69kNL2G8D88M2MFWleAXpOZhV7Bya6NpMik=
github.com/deific/goee v0.1.0/go.mod h1:xBhykXhqRjnZnsHX8mMyN6oIqOWV4K1MSo+It0KH/q4=
github.com/deific/goee v0.1.1 h1:Pj3+feVVwVFh9W+22YLEBGNPvJejOSZUl5RB8iDt5lI=
github.com/deific/goee v0.1.1/go.mod h1:xBhykXhqRjnZnsHX8mMyN6oIqOWV4K1MSo+It0KH/q4=
github.com/deific/goee v0.1.2 h1:BzOwk9jKXGGPMSJALJfM092L3JzlSVb00ja/u86Yh3Y=
github.com/deific/goee v0.1.2/go.mod h1:adHc0yQXcdbTFtZZDkuCTpfEagNAZlRTo8uGOnrQcwY=
gopkg.in/check.v1 v0.0.0-20161208181325-20d25e280405/go.mod h1:Co6ibVJAznAaIkqp8huTwlJQCZ016jof/cbN4VW5Yz0=
gopkg.in/yaml.v2 v2.2.8 h1:obN1ZagJSUGI0Ek/LBmuj4SNLPfIny3KsKFopxRdj10=
gopkg.in/yaml.v2 v2.2.8/go.mod h1:hI93XBmqTisBFMUTm0b8Fm+jr3Dg1NNxqwp+5A1VGuI=
